dependencies:
- name: nm-vllm
  repository: https://helm.neuralmagic.com
  version: 0.1.1
- name: prometheus
  repository: https://prometheus-community.github.io/helm-charts
  version: 25.12.0
- name: grafana
  repository: https://grafana.github.io/helm-charts
  version: 7.3.9
digest: sha256:dbbbf4bf9f7b4e6d9055ddddfb2774a57e88dec148e722e89a24c94ae2a2c63c
generated: "2024-04-30T12:16:46.071435-04:00"
